<?xml version="1.0" encoding="utf-8"?>
<Project ToolsVersion="4.0" xmlns="http://schemas.microsoft.com/developer/msbuild/2003">
  <ItemGroup>
    <ClCompile Include="third_party\minhk\hde\hde32.cpp" />
    <ClCompile Include="third_party\minhk\hde\hde64.cpp" />
    <ClCompile Include="third_party\minhk\buffer.cpp" />
    <ClCompile Include="third_party\minhk\hook.cpp" />
    <ClCompile Include="third_party\minhk\trampoline.cpp" />
    <ClCompile Include="source\bootstrap.cpp" />
    <ClCompile Include="third_party\imgui\imgui.cpp" />
    <ClCompile Include="third_party\imgui\imgui_demo.cpp" />
    <ClCompile Include="third_party\imgui\imgui_draw.cpp" />
    <ClCompile Include="third_party\imgui\imgui_impl_dx11.cpp" />
    <ClCompile Include="third_party\imgui\imgui_impl_win32.cpp" />
    <ClCompile Include="third_party\imgui\imgui_tables.cpp" />
    <ClCompile Include="third_party\imgui\imgui_widgets.cpp" />
    <ClCompile Include="source\systems\module_parser\module_parser.cpp" />
    <ClCompile Include="source\pch\pch.cpp" />
    <ClCompile Include="source\valve\entity_utils\entity_utils.cpp" />
    <ClCompile Include="source\valve\structs\entities\base_entity.cpp" />
    <ClCompile Include="source\valve\structs\entities\base_player.cpp" />
    <ClCompile Include="source\core\ui\ui.cpp" />
    <ClCompile Include="source\core\hooks\detours\client.cpp" />
    <ClCompile Include="source\core\hooks\detours\game_overlay_renderer.cpp" />
    <ClCompile Include="source\systems\render\render.cpp" />
    <ClCompile Include="source\systems\input\input.cpp" />
  </ItemGroup>
  <ItemGroup>
    <ClInclude Include="third_party\minhk\hde\hde32.hpp" />
    <ClInclude Include="third_party\minhk\hde\hde64.hpp" />
    <ClInclude Include="third_party\minhk\hde\pstdint.hpp" />
    <ClInclude Include="third_party\minhk\hde\table32.hpp" />
    <ClInclude Include="third_party\minhk\hde\table64.hpp" />
    <ClInclude Include="third_party\minhk\buffer.hpp" />
    <ClInclude Include="third_party\minhk\minhook.hpp" />
    <ClInclude Include="third_party\minhk\trampoline.hpp" />
    <ClInclude Include="source\vendor.hpp" />
    <ClInclude Include="src\cs2\structs\data_types\utl_memory.hpp" />
    <ClInclude Include="src\cs2\structs\data_types\utl_memory_pool.hpp" />
    <ClInclude Include="src\cs2\structs\data_types\utl_hash.hpp" />
    <ClInclude Include="third_party\imgui\imconfig.h" />
    <ClInclude Include="third_party\imgui\imgui.h" />
    <ClInclude Include="third_party\imgui\imgui_impl_dx11.h" />
    <ClInclude Include="third_party\imgui\imgui_impl_win32.h" />
    <ClInclude Include="third_party\imgui\imgui_internal.h" />
    <ClInclude Include="third_party\imgui\imstb_rectpack.h" />
    <ClInclude Include="third_party\imgui\imstb_textedit.h" />
    <ClInclude Include="third_party\imgui\imstb_truetype.h" />
    <ClInclude Include="third_party\imgui\stb_printf.h" />
    <ClInclude Include="third_party\json\json.hpp" />
    <ClInclude Include="src\utils\math\data_types\transform.hpp" />
    <ClInclude Include="source\pch\pch.hpp" />
    <ClInclude Include="source\systems\logger\logger.hpp" />
    <ClInclude Include="source\systems\module_parser\ldr_module\ldr_module.hpp" />
    <ClInclude Include="source\systems\module_parser\module_parser.hpp" />
    <ClInclude Include="source\utils\hash\hash.hpp" />
    <ClInclude Include="source\utils\memory\base_address\base_address.hpp" />
    <ClInclude Include="source\utils\memory\win_types\win_types.hpp" />
    <ClInclude Include="source\systems\hooker\hooker.hpp" />
    <ClInclude Include="source\valve\entity_utils\entity_utils.hpp" />
    <ClInclude Include="source\valve\interfaces\entity_system\entity_system.hpp" />
    <ClInclude Include="source\valve\structs\data_types\handle\handle.hpp" />
    <ClInclude Include="source\valve\structs\data_types\utl\utl_vector.hpp" />
    <ClInclude Include="source\utils\memory\memory.hpp" />
    <ClInclude Include="source\valve\structs\data_types\utl\utl_memory.hpp" />
    <ClInclude Include="source\valve\interfaces\mem_alloc\mem_alloc.hpp" />
    <ClInclude Include="source\valve\structs\entities\base_entity.hpp" />
    <ClInclude Include="source\valve\structs\entities\base_player.hpp" />
    <ClInclude Include="source\valve\structs\entities\handle_entity.hpp" />
    <ClInclude Include="source\valve\net_vars\net_vars.hpp" />
    <ClInclude Include="source\valve\interfaces\schema_system\schema_system.hpp" />
    <ClInclude Include="source\valve\structs\data_types\utl\utl_hash.hpp" />
    <ClInclude Include="source\valve\structs\data_types\utl\utl_memory_pool.hpp" />
    <ClInclude Include="source\utils\math\data_types\vector.hpp" />
    <ClInclude Include="source\valve\interfaces\citadel_input\citadel_input.hpp" />
    <ClInclude Include="source\core\hooks\hooks.hpp" />
    <ClInclude Include="source\core\ui\ui.hpp" />
    <ClInclude Include="source\systems\render\render.hpp" />
    <ClInclude Include="source\systems\input\input.hpp" />
  </ItemGroup>
  <ItemGroup>
    <None Include="cpp.hint" />
    <None Include="source\systems\logger\logger.inl" />
    <None Include="source\systems\module_parser\ldr_module\ldr_module.inl" />
    <None Include="source\systems\module_parser\module_parser.inl" />
    <None Include="source\utils\memory\base_address\base_address.inl" />
    <None Include="source\valve\entity_utils\entity_utils.inl" />
    <None Include="source\valve\interfaces\entity_system\entity_system.inl" />
    <None Include="source\valve\structs\data_types\handle\handle.inl" />
    <None Include="source\valve\structs\data_types\utl\utl_memory.inl" />
    <None Include="source\valve\structs\entities\base_entity.inl" />
    <None Include="source\valve\structs\entities\base_player.inl" />
    <None Include="source\valve\structs\entities\handle_entity.inl" />
    <None Include="source\valve\net_vars\net_vars.inl" />
    <None Include="source\valve\interfaces\schema_system\schema_system.inl" />
    <None Include="source\valve\structs\data_types\utl\utl_hash.inl" />
    <None Include="source\systems\hooker\hooker.inl" />
    <None Include="source\valve\interfaces\citadel_input\citadel_input.inl" />
    <None Include="source\systems\render\render.inl" />
    <None Include="source\core\ui\ui.inl" />
    <None Include="source\systems\input\input.inl" />
  </ItemGroup>
</Project>